
Microsoft Visual Studio Solution File, Format Version 12.00
# Visual Studio 15
VisualStudioVersion = 15.0.28307.1000
MinimumVisualStudioVersion = 10.0.40219.1
Project("{FAE04EC0-301F-11D3-BF4B-00C04F79EFBC}") = "TextToSpeechSkill", "TextToSpeechSkill\TextToSpeechSkill.csproj", "{ED7A6851-E80F-4B38-BD8D-A36BB1AE785C}"
EndProject
Global
	GlobalSection(SolutionConfigurationPlatforms) = preSolution
		Debug|ARM = Debug|ARM
		Debug|x64 = Debug|x64
		Debug|x86 = Debug|x86
		Release|ARM = Release|ARM
		Release|x64 = Release|x64
		Release|x86 = Release|x86
	EndGlobalSection
	GlobalSection(ProjectConfigurationPlatforms) = postSolution
		{ED7A6851-E80F-4B38-BD8D-A36BB1AE785C}.Debug|ARM.ActiveCfg = Debug|ARM
		{ED7A6851-E80F-4B38-BD8D-A36BB1AE785C}.Debug|ARM.Build.0 = Debug|ARM
		{ED7A6851-E80F-4B38-BD8D-A36BB1AE785C}.Debug|ARM.Deploy.0 = Debug|ARM
		{ED7A6851-E80F-4B38-BD8D-A36BB1AE785C}.Debug|x64.ActiveCfg = Debug|x64
		{ED7A6851-E80F-4B38-BD8D-A36BB1AE785C}.Debug|x64.Build.0 = Debug|x64
		{ED7A6851-E80F-4B38-BD8D-A36BB1AE785C}.Debug|x64.Deploy.0 = Debug|x64
		{ED7A6851-E80F-4B38-BD8D-A36BB1AE785C}.Debug|x86.ActiveCfg = Debug|x86
		{ED7A6851-E80F-4B38-BD8D-A36BB1AE785C}.Debug|x86.Build.0 = Debug|x86
		{ED7A6851-E80F-4B38-BD8D-A36BB1AE785C}.Debug|x86.Deploy.0 = Debug|x86
		{ED7A6851-E80F-4B38-BD8D-A36BB1AE785C}.Release|ARM.ActiveCfg = Release|ARM
		{ED7A6851-E80F-4B38-BD8D-A36BB1AE785C}.Release|ARM.Build.0 = Release|ARM
		{ED7A6851-E80F-4B38-BD8D-A36BB1AE785C}.Release|ARM.Deploy.0 = Release|ARM
		{ED7A6851-E80F-4B38-BD8D-A36BB1AE785C}.Release|x64.ActiveCfg = Release|x64
		{ED7A6851-E80F-4B38-BD8D-A36BB1AE785C}.Release|x64.Build.0 = Release|x64
		{ED7A6851-E80F-4B38-BD8D-A36BB1AE785C}.Release|x64.Deploy.0 = Release|x64
		{ED7A6851-E80F-4B38-BD8D-A36BB1AE785C}.Release|x86.ActiveCfg = Release|x86
		{ED7A6851-E80F-4B38-BD8D-A36BB1AE785C}.Release|x86.Build.0 = Release|x86
		{ED7A6851-E80F-4B38-BD8D-A36BB1AE785C}.Release|x86.Deploy.0 = Release|x86
	EndGlobalSection
	GlobalSection(SolutionProperties) = preSolution
		HideSolutionNode = FALSE
	EndGlobalSection
	GlobalSection(ExtensibilityGlobals) = postSolution
		SolutionGuid = {A93B5382-7C09-4639-AD38-013D6A6CFC16}
	EndGlobalSection
EndGlobal
